<Solution>
  <Folder Name="/src/">
    <Project Path="src/ModConductor.Desktop/ModConductor.Desktop.fsproj" />
    <Project Path="src/ModConductor.Nexus/ModConductor.Nexus.fsproj" />
    <Project Path="src/ModConductor.Skse/ModConductor.Skse.fsproj" />
    <Project Path="src/ModConductor.Enb/ModConductor.Enb.fsproj" />
    <Project Path="src/ModConductor.Fnis/ModConductor.Fnis.fsproj" />
    <Project Path="src/ModConductor.Credentials/ModConductor.Credentials.fsproj" />
    <Project Path="src/ModConductor.Bain/ModConductor.Bain.fsproj" />
    <Project Path="src/ModConductor.BundleInstallation/ModConductor.BundleInstallation.fsproj" />
    <Project Path="src/ModConductor.Fomod/ModConductor.Fomod.fsproj" />
    <Project Path="src/ModConductor.HttpDownloads/ModConductor.HttpDownloads.fsproj" />
    <Project Path="src/ModConductor.ProfileGameData/ModConductor.ProfileGameData.fsproj" />
    <Project Path="src/ModConductor.GameLaunching/ModConductor.GameLaunching.fsproj" />
    <Project Path="src/ModConductor.GeneratedOutputs/ModConductor.GeneratedOutputs.fsproj" />
    <Project Path="src/ModConductor.DeploymentRecovery/ModConductor.DeploymentRecovery.fsproj" />
    <Project Path="src/ModConductor.ProtonContexts/ModConductor.ProtonContexts.fsproj" />
    <Project Path="src/ModConductor.Bethesda/ModConductor.Bethesda.fsproj" />
    <Project Path="src/ModConductor.Loot/ModConductor.Loot.fsproj" />
    <Project Path="src/ModConductor.FilePlanning/ModConductor.FilePlanning.fsproj" />
    <Project Path="src/ModConductor.GameContexts/ModConductor.GameContexts.fsproj" />
    <Project Path="src/ModConductor.Settings.Serialization/ModConductor.Settings.Serialization.csproj" />
    <Project Path="src/ModConductor.Settings/ModConductor.Settings.fsproj" />
    <Project Path="src/ModConductor.SteamDiscovery/ModConductor.SteamDiscovery.fsproj" />
    <Project Path="src/ModConductor.Deployment/ModConductor.Deployment.fsproj" />
    <Project Path="src/ModConductor.DeploymentGenerations/ModConductor.DeploymentGenerations.fsproj" />
    <Project Path="src/ModConductor.DeploymentPlanning/ModConductor.DeploymentPlanning.fsproj" />
    <Project Path="src/ModConductor.Platform/ModConductor.Platform.fsproj" />
    <Project Path="src/ModConductor.Executables/ModConductor.Executables.fsproj" />
    <Project Path="src/ModConductor.ArchiveInstallation/ModConductor.ArchiveInstallation.fsproj" />
    <Project Path="src/ModConductor.ModMaintenance/ModConductor.ModMaintenance.fsproj" />
    <Project Path="src/ModConductor.ArchiveInspection/ModConductor.ArchiveInspection.fsproj" />
    <Project Path="src/ModConductor.ArtifactLibrary/ModConductor.ArtifactLibrary.fsproj" />
    <Project Path="src/ModConductor.ModLibrary/ModConductor.ModLibrary.fsproj" />
    <Project Path="src/ModConductor.ModOrganization/ModConductor.ModOrganization.fsproj" />
    <Project Path="src/ModConductor.ModSelection/ModConductor.ModSelection.fsproj" />
    <Project Path="src/ModConductor.Migration/ModConductor.Migration.fsproj" />
    <Project Path="src/ModConductor.Operations/ModConductor.Operations.fsproj" />
    <Project Path="src/ModConductor.Workspaces/ModConductor.Workspaces.fsproj" />
    <Project Path="src/ModConductor.Persistence/ModConductor.Persistence.fsproj" />
    <Project Path="src/ModConductor.Diagnostics/ModConductor.Diagnostics.fsproj" />
    <Project Path="src/ModConductor.Engine/ModConductor.Engine.fsproj" />
    <Project Path="src/ModConductor.Protocol/ModConductor.Protocol.csproj" />
  </Folder>
  <Folder Name="/tests/">
    <Project Path="tests/ModConductor.InventoryExport.Tests/ModConductor.InventoryExport.Tests.fsproj" />
    <Project Path="tests/ModConductor.Diagnostics.Tests/ModConductor.Diagnostics.Tests.fsproj" />
    <Project Path="tests/ModConductor.Native.Fixtures/ModConductor.Native.Fixtures.fsproj" />
    <Project Path="tests/ModConductor.Native.Tests/ModConductor.Native.Tests.fsproj" />
    <Project Path="tests/ModConductor.Settings.Tests/ModConductor.Settings.Tests.fsproj" />
  </Folder>
</Solution>
