<Solution>
  <Folder Name="/src/">
    <Project Path="src/ModConductor.Platform/ModConductor.Platform.fsproj" />
    <Project Path="src/ModConductor.ModLibrary/ModConductor.ModLibrary.fsproj" />
    <Project Path="src/ModConductor.Operations/ModConductor.Operations.fsproj" />
    <Project Path="src/ModConductor.Workspaces/ModConductor.Workspaces.fsproj" />
    <Project Path="src/ModConductor.Persistence/ModConductor.Persistence.fsproj" />
    <Project Path="src/ModConductor.Engine/ModConductor.Engine.fsproj" />
    <Project Path="src/ModConductor.Protocol/ModConductor.Protocol.csproj" />
  </Folder>
  <Folder Name="/tests/">
    <Project Path="tests/ModConductor.Native.Fixtures/ModConductor.Native.Fixtures.fsproj" />
    <Project Path="tests/ModConductor.Native.Tests/ModConductor.Native.Tests.fsproj" />
  </Folder>
</Solution>
