<Solution>
  <Folder Name="/src/">
    <Project Path="src/ModConductor.Operations/ModConductor.Operations.fsproj" />
    <Project Path="src/ModConductor.Persistence/ModConductor.Persistence.fsproj" />
    <Project Path="src/ModConductor.Engine/ModConductor.Engine.fsproj" />
    <Project Path="src/ModConductor.Protocol/ModConductor.Protocol.csproj" />
  </Folder>
</Solution>
